{
  "version": "5",
  "specifiers": {
    "jsr:@rendly/bedrockjs@0.1.4": "0.1.4"
  },
  "jsr": {
    "@rendly/bedrockjs@0.1.4": {
      "integrity": "d5951f1a0f36d6eeadcec853e676604bd66cb95e5a510a2c827055448ed91b47"
    }
  },
  "workspace": {
    "dependencies": [
      "jsr:@rendly/bedrockjs@0.1.4"
    ]
  }
}
