{
  "version": "5",
  "specifiers": {
    "jsr:@rendly/bedrockjs@0.1.3": "0.1.3"
  },
  "jsr": {
    "@rendly/bedrockjs@0.1.3": {
      "integrity": "da5b21bc51a589f82dcf4eda6ca77a54bf7b1e3caa861c15a941fd6a49e9593b"
    }
  },
  "workspace": {
    "dependencies": [
      "jsr:@rendly/bedrockjs@0.1.3"
    ]
  }
}
